# CARELite held-out scenario lock. Write-once -- see carelite/scenarios/freeze.py.
# One line per held-out scenario: <scenario_id>  <sha256 of its frozen fields>.
# aggregate: adfedb33cbbb2ec627bff50ae25a572594f0d4e36b5b34fb2804b3408c3600c4
SC-001  f9674f3ca5f5fbc977098e7a012ef9cb0588d5a2833792077fd9462951e27881
SC-004  2245c08e248f41c77029cb19d32f7d55812a9cf58688015eef46d8ca2bac5351
SC-007  da2abb25c49605f83ccb878da869652cc05f094fcfcce35b22d2338a29688ac9
SC-008  ca8dd132370e2632f14e704bea38c3a2fadfc1cf011717dba290443031e8b54b
SC-009  95c3dff0d9f3f8594ba68a01981b7401b1bcfa05d8f8773c62974d58b924e0b6
SC-010  e7561f46b3a43f175074c6eff07b21637b1f15ea22cd04ec946ea88b249e4584
SC-011  db532c8c8a9f713d090805763afb48eb60985db805e00fdddad6980b5303e0e4
SC-012  d3660195d00526a1395790ae10fcaee68e849c8423b52874379ea0dc98c3ba36
SC-013  a82e4ce18d99c91da26efceb650baf3c6f6b877c0efd9e05c6f3779900d47742
SC-014  79be9296506b06a577fa80e4009e2eab28ef9959f6697ed408364070454ffb88
SC-015  e01d3a4e302f2ded8e6ddc014b1415d0092d762bd5149ae41ef783fc7905c1d9
SC-018  20089fdd6b6fed7a27f66461c9aee1b8af0accce7c0c9cfd2d6877311ff169f5
SC-022  c9731ca43163b81c8fe74fab9ab44fce929ef52ecfebc6b880778e8b94237b0e
SC-024  899696f51121277637920e01d4c8b4f97b632fc17076e45a3d13daf7a5433235
SC-027  baa672c4f08c901f9f1a9d23c59c426fd26401b792188bf94a81721457332db2
SC-028  cd0ab9aeb6b8b503487fd57da26d948461ddc39f4c61c924c9fe0da66ed55c40
SC-029  14d940619cdc0575a2a197ddb1d1716d9df2cfb2904cadfd9373e5c5441a7b82
SC-030  a6610cc3921f87bd4cd3b4ee2b11a669143856e6b691147d18003e2be0079b0f
SC-031  a2e717a9b75d18682d311f32e5717f24a341f393f9ecc71d60ec27c50b65ece4
SC-032  e0caf892a98dad25f5c381c8c784f7b2cab0d83192c586a15189d103f2d4d1ed
SC-034  0576cdaac30dbbeef7e267d76cae73fa87047f13b8b035cb4235fd234753c508
SC-035  11a819a646f0c2a6a76b557d3b46834c2eca7c6184f82d20a682a8b1b0dfc92b
SC-036  c5efff31d8dfa82c4544ff3e0695169f078c796772a1d479b5a6b4f3eb0611e1
SC-039  20641181ada7a77371dd8ad30137bbce79184348928b13ece80d3201f863613a
SC-045  39be9679a4a7a2a89cc26e3ad5611bfd02c1312afc4284342f02d40ff79b6888
SC-046  5e966ff2df6d9b77970f35b7daf81dbbba003f9de2cc906d1c3e74856ffbe3ed
SC-047  fba3fdd795bf5d256e6d9fbd1d1457ca217467e9ed4029d794e7ef97a8817cf0
SC-048  9f820b9b0495f68bdba2101ca398a1c01d65c087892c24d515b3bfdc5a3f213e
SC-049  ae3f30cedaa859147925b9d3851bd817e92e689a21081d9ce2b5be8ad37fbf1a
SC-050  2010de10168e94c3f9bef52335ddaa9668c91f30f84813c03ac0d5253fb67809
SC-051  587dd276072be85cfe61c39c9301774b44b70042655f07201d8c28f29005cf4b
SC-052  5e88f8e1efbd408930effd9eabdc39e6e81d925e6cd634b67d43a7db92580e73
SC-053  7c589c52883c0666f506131ace1764e4df2e53eb1be21c363b8f1b18b775714d
SC-054  231ac3f74a19fcebeed0fc31272215459dd128056c8a94e2fa712ced83e5e1d1
SC-055  6aef75012b46443d1602cdbfc46c3d066f2a7835ab0780a45c0c6e3fd109ff25
SC-057  3e7d942cd142a1b682417c183a57b05e577a8433b8dd2ddbfc50119a228a9c59
SC-062  6c8dd8fd1877cd3f5b48c105a4163c7b33baac4b4bf96d88512c7022e2a64a78
SC-063  10cc3ee618d556a7290a1640ad82339f36982aca9e2848497d0c28a4c373f277
SC-065  06459d5e02619ed03c873926e4898d3a17ffdc31cc6aff2941e6227e25a1c9aa
SC-067  57eac8401038a3a6d833bcb8e5da53b90d5f9d38459691a25ed9a49005e100b0
SC-068  e5222663926440dbcb159c1024b502e26a991f5991d17a5329082b2a7e6aadb3
SC-070  06cdda77f1c8076ef7423b916d90a9df1255085859cac65264266efebc8bd13c
SC-071  660ff3dc0c15337aa572390cccb109b6309a98ba4b936be0ef1b247fc878f828
SC-072  aaaac4c96f84e5bb1876cc2c937f856fe39b983756b10b5000e074b399f5c7bc
SC-073  8b3d216810995311a3975deaecacf6b02d7b6cf8e65f0b78da2315841b1c3a22
SC-074  0d34b5c7e7a65f240f4e9f98d6f5bc614fa42c48c00335561692284e0a0b77ae
SC-077  5c88ada87291dab221462af2dbf329f2488ab68fd3f93b78c601b6a4ca0e192f
SC-078  fb36fa4638721656e365c901c5ce7026ed46158928e6a0e8d495c50018ab4422
SC-084  bde85f48c75ad7d10b5dedad3b3de95c3bba531926b40b4adb293285a480492f
SC-086  269449ca4f9f7962bd6fbbdb92cf3e7d41dc9b0221a4d891eca1b36ad38ac7e2
SC-087  70f6b6592c7b06ba3d4b2b7ca0f0bdd56dbf90eedd6e9bf51efbabd6432b5798
SC-088  727e70aebede2d5bc09cf960129a84eb2f1636928ea41ad4d06e85655c6a9a42
SC-089  b19d249206fbccde5ce7b4508606b7928d317e7ee4d6f85d45c868b564a8beac
SC-090  201398e3dbdfb2e466930e551aa8b2aa31216df31b1158b98910f32f860c3c25
SC-091  56d3b54c26457bdc08674bc83b31225c9a26d30d4ed3195a70a653f09f4d5cc2
SC-092  5b38262c54833e95aeb066ac9fca768d86ddfe14244ac95d6ac9b78a927eaf04
SC-094  dea4df800705fceb59ff45ce6f354041a47bff08fb1f45e750816d7596c3787a
SC-095  6c6d8f9e3fb771030f6b4942cdf6ab8bb3ec3aa8ce5105347b6733c6a18a2abd
SC-099  e5479fc849d1378ead7570458f61bdaf328ce04b79ff017a6531b77821fe9f24
SC-100  a61e983760f46bbf8e37ef10b34fc0ea60594cddc1fcfa50145bcaa26acf7ee0
